
Microsoft Visual Studio Solution File, Format Version 11.00
# Visual Studio 2010
Project("{FAE04EC0-301F-11D3-BF4B-00C04F79EFBC}") = "DAL", "DAL\DAL.csproj", "{269AE1E0-9492-451D-8710-942CDA788B62}"
EndProject
Project("{FAE04EC0-301F-11D3-BF4B-00C04F79EFBC}") = "DTOK9", "DTOK9\DTOK9.csproj", "{1BABCF5C-0EE4-4177-8CFB-9F96D8E66E63}"
EndProject
Project("{FAE04EC0-301F-11D3-BF4B-00C04F79EFBC}") = "QuerysK9", "QuerysK9\QuerysK9.csproj", "{C46D9996-DFF2-46AC-9C67-9906764605EB}"
EndProject
Project("{FAE04EC0-301F-11D3-BF4B-00C04F79EFBC}") = "AsociacionMasivaCuentasContableK9", "AsociacionMasivaCuentasContableK9\AsociacionMasivaCuentasContableK9.csproj", "{846443C6-1E4A-4308-975C-9348182A0366}"
EndProject
Project("{FAE04EC0-301F-11D3-BF4B-00C04F79EFBC}") = "InactivacionMasivaDeCentrosCostoK9", "InactivacionMasivaDeCentrosCostoK9\InactivacionMasivaDeCentrosCostoK9.csproj", "{D773E270-67D3-4757-9D29-F3C116CDF928}"
EndProject
Global
	GlobalSection(SolutionConfigurationPlatforms) = preSolution
		Debug|Any CPU = Debug|Any CPU
		Debug|Mixed Platforms = Debug|Mixed Platforms
		Debug|x86 = Debug|x86
		Release|Any CPU = Release|Any CPU
		Release|Mixed Platforms = Release|Mixed Platforms
		Release|x86 = Release|x86
	EndGlobalSection
	GlobalSection(ProjectConfigurationPlatforms) = postSolution
		{269AE1E0-9492-451D-8710-942CDA788B62}.Debug|Any CPU.ActiveCfg = Debug|Any CPU
		{269AE1E0-9492-451D-8710-942CDA788B62}.Debug|Any CPU.Build.0 = Debug|Any CPU
		{269AE1E0-9492-451D-8710-942CDA788B62}.Debug|Mixed Platforms.ActiveCfg = Debug|Any CPU
		{269AE1E0-9492-451D-8710-942CDA788B62}.Debug|Mixed Platforms.Build.0 = Debug|Any CPU
		{269AE1E0-9492-451D-8710-942CDA788B62}.Debug|x86.ActiveCfg = Debug|Any CPU
		{269AE1E0-9492-451D-8710-942CDA788B62}.Release|Any CPU.ActiveCfg = Release|Any CPU
		{269AE1E0-9492-451D-8710-942CDA788B62}.Release|Any CPU.Build.0 = Release|Any CPU
		{269AE1E0-9492-451D-8710-942CDA788B62}.Release|Mixed Platforms.ActiveCfg = Release|Any CPU
		{269AE1E0-9492-451D-8710-942CDA788B62}.Release|Mixed Platforms.Build.0 = Release|Any CPU
		{269AE1E0-9492-451D-8710-942CDA788B62}.Release|x86.ActiveCfg = Release|Any CPU
		{1BABCF5C-0EE4-4177-8CFB-9F96D8E66E63}.Debug|Any CPU.ActiveCfg = Debug|Any CPU
		{1BABCF5C-0EE4-4177-8CFB-9F96D8E66E63}.Debug|Any CPU.Build.0 = Debug|Any CPU
		{1BABCF5C-0EE4-4177-8CFB-9F96D8E66E63}.Debug|Mixed Platforms.ActiveCfg = Debug|Any CPU
		{1BABCF5C-0EE4-4177-8CFB-9F96D8E66E63}.Debug|Mixed Platforms.Build.0 = Debug|Any CPU
		{1BABCF5C-0EE4-4177-8CFB-9F96D8E66E63}.Debug|x86.ActiveCfg = Debug|Any CPU
		{1BABCF5C-0EE4-4177-8CFB-9F96D8E66E63}.Release|Any CPU.ActiveCfg = Release|Any CPU
		{1BABCF5C-0EE4-4177-8CFB-9F96D8E66E63}.Release|Any CPU.Build.0 = Release|Any CPU
		{1BABCF5C-0EE4-4177-8CFB-9F96D8E66E63}.Release|Mixed Platforms.ActiveCfg = Release|Any CPU
		{1BABCF5C-0EE4-4177-8CFB-9F96D8E66E63}.Release|Mixed Platforms.Build.0 = Release|Any CPU
		{1BABCF5C-0EE4-4177-8CFB-9F96D8E66E63}.Release|x86.ActiveCfg = Release|Any CPU
		{C46D9996-DFF2-46AC-9C67-9906764605EB}.Debug|Any CPU.ActiveCfg = Debug|Any CPU
		{C46D9996-DFF2-46AC-9C67-9906764605EB}.Debug|Any CPU.Build.0 = Debug|Any CPU
		{C46D9996-DFF2-46AC-9C67-9906764605EB}.Debug|Mixed Platforms.ActiveCfg = Debug|Any CPU
		{C46D9996-DFF2-46AC-9C67-9906764605EB}.Debug|Mixed Platforms.Build.0 = Debug|Any CPU
		{C46D9996-DFF2-46AC-9C67-9906764605EB}.Debug|x86.ActiveCfg = Debug|Any CPU
		{C46D9996-DFF2-46AC-9C67-9906764605EB}.Release|Any CPU.ActiveCfg = Release|Any CPU
		{C46D9996-DFF2-46AC-9C67-9906764605EB}.Release|Any CPU.Build.0 = Release|Any CPU
		{C46D9996-DFF2-46AC-9C67-9906764605EB}.Release|Mixed Platforms.ActiveCfg = Release|Any CPU
		{C46D9996-DFF2-46AC-9C67-9906764605EB}.Release|Mixed Platforms.Build.0 = Release|Any CPU
		{C46D9996-DFF2-46AC-9C67-9906764605EB}.Release|x86.ActiveCfg = Release|Any CPU
		{846443C6-1E4A-4308-975C-9348182A0366}.Debug|Any CPU.ActiveCfg = Debug|x86
		{846443C6-1E4A-4308-975C-9348182A0366}.Debug|Mixed Platforms.ActiveCfg = Debug|x86
		{846443C6-1E4A-4308-975C-9348182A0366}.Debug|Mixed Platforms.Build.0 = Debug|x86
		{846443C6-1E4A-4308-975C-9348182A0366}.Debug|x86.ActiveCfg = Debug|x86
		{846443C6-1E4A-4308-975C-9348182A0366}.Debug|x86.Build.0 = Debug|x86
		{846443C6-1E4A-4308-975C-9348182A0366}.Release|Any CPU.ActiveCfg = Release|x86
		{846443C6-1E4A-4308-975C-9348182A0366}.Release|Mixed Platforms.ActiveCfg = Release|x86
		{846443C6-1E4A-4308-975C-9348182A0366}.Release|Mixed Platforms.Build.0 = Release|x86
		{846443C6-1E4A-4308-975C-9348182A0366}.Release|x86.ActiveCfg = Release|x86
		{846443C6-1E4A-4308-975C-9348182A0366}.Release|x86.Build.0 = Release|x86
		{D773E270-67D3-4757-9D29-F3C116CDF928}.Debug|Any CPU.ActiveCfg = Debug|x86
		{D773E270-67D3-4757-9D29-F3C116CDF928}.Debug|Mixed Platforms.ActiveCfg = Debug|x86
		{D773E270-67D3-4757-9D29-F3C116CDF928}.Debug|Mixed Platforms.Build.0 = Debug|x86
		{D773E270-67D3-4757-9D29-F3C116CDF928}.Debug|x86.ActiveCfg = Debug|x86
		{D773E270-67D3-4757-9D29-F3C116CDF928}.Debug|x86.Build.0 = Debug|x86
		{D773E270-67D3-4757-9D29-F3C116CDF928}.Release|Any CPU.ActiveCfg = Release|x86
		{D773E270-67D3-4757-9D29-F3C116CDF928}.Release|Mixed Platforms.ActiveCfg = Release|x86
		{D773E270-67D3-4757-9D29-F3C116CDF928}.Release|Mixed Platforms.Build.0 = Release|x86
		{D773E270-67D3-4757-9D29-F3C116CDF928}.Release|x86.ActiveCfg = Release|x86
		{D773E270-67D3-4757-9D29-F3C116CDF928}.Release|x86.Build.0 = Release|x86
	EndGlobalSection
	GlobalSection(SolutionProperties) = preSolution
		HideSolutionNode = FALSE
	EndGlobalSection
EndGlobal
